
Microsoft Visual Studio Solution File, Format Version 12.00
# Visual Studio Version 16
VisualStudioVersion = 16.0.31911.196
MinimumVisualStudioVersion = 10.0.40219.1
Project("{9A19103F-16F7-4668-BE54-9A1E7A4F7556}") = "PomodoroTimer", "PomodoroTimer\PomodoroTimer.csproj", "{02921296-31AB-4935-8ACE-8A767949686B}"
EndProject
Project("{FAE04EC0-301F-11D3-BF4B-00C04F79EFBC}") = "TestPomodoroTimer", "TestPomodoroTimer\TestPomodoroTimer.csproj", "{C0A8F7C0-E3F3-42F1-8CC6-DD1EB024125C}"
EndProject
Global
	GlobalSection(SolutionConfigurationPlatforms) = preSolution
		Debug|Any CPU = Debug|Any CPU
		Release|Any CPU = Release|Any CPU
	EndGlobalSection
	GlobalSection(ProjectConfigurationPlatforms) = postSolution
		{02921296-31AB-4935-8ACE-8A767949686B}.Debug|Any CPU.ActiveCfg = Debug|Any CPU
		{02921296-31AB-4935-8ACE-8A767949686B}.Debug|Any CPU.Build.0 = Debug|Any CPU
		{02921296-31AB-4935-8ACE-8A767949686B}.Release|Any CPU.ActiveCfg = Release|Any CPU
		{02921296-31AB-4935-8ACE-8A767949686B}.Release|Any CPU.Build.0 = Release|Any CPU
		{C0A8F7C0-E3F3-42F1-8CC6-DD1EB024125C}.Debug|Any CPU.ActiveCfg = Debug|Any CPU
		{C0A8F7C0-E3F3-42F1-8CC6-DD1EB024125C}.Debug|Any CPU.Build.0 = Debug|Any CPU
		{C0A8F7C0-E3F3-42F1-8CC6-DD1EB024125C}.Release|Any CPU.ActiveCfg = Release|Any CPU
		{C0A8F7C0-E3F3-42F1-8CC6-DD1EB024125C}.Release|Any CPU.Build.0 = Release|Any CPU
	EndGlobalSection
	GlobalSection(SolutionProperties) = preSolution
		HideSolutionNode = FALSE
	EndGlobalSection
	GlobalSection(ExtensibilityGlobals) = postSolution
		SolutionGuid = {7D1E17F5-92E6-4009-80A1-94D180C42B65}
	EndGlobalSection
EndGlobal
